// !$*UTF8*$!
{
	archiveVersion = 1;
	classes = {
	};
	objectVersion = 46;
	objects = {

/* Begin PBXBuildFile section */
		1D066CA21DE8FDB60082790D /* AppDelegate.swift in Sources */ = {isa = PBXBuildFile; fileRef = 1D066CA11DE8FDB60082790D /* AppDelegate.swift */; };
		1D066CA41DE8FDB60082790D /* ViewController.swift in Sources */ = {isa = PBXBuildFile; fileRef = 1D066CA31DE8FDB60082790D /* ViewController.swift */; };
		1D066CA71DE8FDB60082790D /* Main.storyboard in Resources */ = {isa = PBXBuildFile; fileRef = 1D066CA51DE8FDB60082790D /* Main.storyboard */; };
		1D066CA91DE8FDB60082790D /* Assets.xcassets in Resources */ = {isa = PBXBuildFile; fileRef = 1D066CA81DE8FDB60082790D /* Assets.xcassets */; };
		1D066CAC1DE8FDB60082790D /* LaunchScreen.storyboard in Resources */ = {isa = PBXBuildFile; fileRef = 1D066CAA1DE8FDB60082790D /* LaunchScreen.storyboard */; };
		1D066CB71DE8FDB60082790D /* Danger_SlatherTests.swift in Sources */ = {isa = PBXBuildFile; fileRef = 1D066CB61DE8FDB60082790D /* Danger_SlatherTests.swift */; };
/* End PBXBuildFile section */

/* Begin PBXContainerItemProxy section */
		1D066CB31DE8FDB60082790D /* PBXContainerItemProxy */ = {
			isa = PBXContainerItemProxy;
			containerPortal = 1D066C961DE8FDB50082790D /* Project object */;
			proxyType = 1;
			remoteGlobalIDString = 1D066C9D1DE8FDB60082790D;
			remoteInfo = "Danger-Slather";
		};
/* End PBXContainerItemProxy section */

/* Begin PBXFileReference section */
		1D066C9E1DE8FDB60082790D /* Danger-Slather.app */ = {isa = PBXFileReference; explicitFileType = wrapper.application; includeInIndex = 0; path = "Danger-Slather.app"; sourceTree = BUILT_PRODUCTS_DIR; };
		1D066CA11DE8FDB60082790D /* AppDelegate.swift */ = {isa = PBXFileReference; lastKnownFileType = sourcecode.swift; path = AppDelegate.swift; sourceTree = "<group>"; };
		1D066CA31DE8FDB60082790D /* ViewController.swift */ = {isa = PBXFileReference; lastKnownFileType = sourcecode.swift; path = ViewController.swift; sourceTree = "<group>"; };
		1D066CA61DE8FDB60082790D /* Base */ = {isa = PBXFileReference; lastKnownFileType = file.storyboard; name = Base; path = Base.lproj/Main.storyboard; sourceTree = "<group>"; };
		1D066CA81DE8FDB60082790D /* Assets.xcassets */ = {isa = PBXFileReference; lastKnownFileType = folder.assetcatalog; path = Assets.xcassets; sourceTree = "<group>"; };
		1D066CAB1DE8FDB60082790D /* Base */ = {isa = PBXFileReference; lastKnownFileType = file.storyboard; name = Base; path = Base.lproj/LaunchScreen.storyboard; sourceTree = "<group>"; };
		1D066CAD1DE8FDB60082790D /* Info.plist */ = {isa = PBXFileReference; lastKnownFileType = text.plist.xml; path = Info.plist; sourceTree = "<group>"; };
		1D066CB21DE8FDB60082790D /* Danger-SlatherTests.xctest */ = {isa = PBXFileReference; explicitFileType = wrapper.cfbundle; includeInIndex = 0; path = "Danger-SlatherTests.xctest"; sourceTree = BUILT_PRODUCTS_DIR; };
		1D066CB61DE8FDB60082790D /* Danger_SlatherTests.swift */ = {isa = PBXFileReference; lastKnownFileType = sourcecode.swift; path = Danger_SlatherTests.swift; sourceTree = "<group>"; };
		1D066CB81DE8FDB60082790D /* Info.plist */ = {isa = PBXFileReference; lastKnownFileType = text.plist.xml; path = Info.plist; sourceTree = "<group>"; };
/* End PBXFileReference section */

/* Begin PBXFrameworksBuildPhase section */
		1D066C9B1DE8FDB60082790D /* Frameworks */ = {
			isa = PBXFrameworksBuildPhase;
			buildActionMask = 2147483647;
			files = (
			);
			runOnlyForDeploymentPostprocessing = 0;
		};
		1D066CAF1DE8FDB60082790D /* Frameworks */ = {
			isa = PBXFrameworksBuildPhase;
			buildActionMask = 2147483647;
			files = (
			);
			runOnlyForDeploymentPostprocessing = 0;
		};
/* End PBXFrameworksBuildPhase section */

/* Begin PBXGroup section */
		1D066C951DE8FDB50082790D = {
			isa = PBXGroup;
			children = (
				1D066CA01DE8FDB60082790D /* Danger-Slather */,
				1D066CB51DE8FDB60082790D /* Danger-SlatherTests */,
				1D066C9F1DE8FDB60082790D /* Products */,
			);
			sourceTree = "<group>";
		};
		1D066C9F1DE8FDB60082790D /* Products */ = {
			isa = PBXGroup;
			children = (
				1D066C9E1DE8FDB60082790D /* Danger-Slather.app */,
				1D066CB21DE8FDB60082790D /* Danger-SlatherTests.xctest */,
			);
			name = Products;
			sourceTree = "<group>";
		};
		1D066CA01DE8FDB60082790D /* Danger-Slather */ = {
			isa = PBXGroup;
			children = (
				1D066CA11DE8FDB60082790D /* AppDelegate.swift */,
				1D066CA31DE8FDB60082790D /* ViewController.swift */,
				1D066CA51DE8FDB60082790D /* Main.storyboard */,
				1D066CA81DE8FDB60082790D /* Assets.xcassets */,
				1D066CAA1DE8FDB60082790D /* LaunchScreen.storyboard */,
				1D066CAD1DE8FDB60082790D /* Info.plist */,
			);
			path = "Danger-Slather";
			sourceTree = "<group>";
		};
		1D066CB51DE8FDB60082790D /* Danger-SlatherTests */ = {
			isa = PBXGroup;
			children = (
				1D066CB61DE8FDB60082790D /* Danger_SlatherTests.swift */,
				1D066CB81DE8FDB60082790D /* Info.plist */,
			);
			path = "Danger-SlatherTests";
			sourceTree = "<group>";
		};
/* End PBXGroup section */

/* Begin PBXNativeTarget section */
		1D066C9D1DE8FDB60082790D /* Danger-Slather */ = {
			isa = PBXNativeTarget;
			buildConfigurationList = 1D066CBB1DE8FDB60082790D /* Build configuration list for PBXNativeTarget "Danger-Slather" */;
			buildPhases = (
				1D066C9A1DE8FDB60082790D /* Sources */,
				1D066C9B1DE8FDB60082790D /* Frameworks */,
				1D066C9C1DE8FDB60082790D /* Resources */,
			);
			buildRules = (
			);
			dependencies = (
			);
			name = "Danger-Slather";
			productName = "Danger-Slather";
			productReference = 1D066C9E1DE8FDB60082790D /* Danger-Slather.app */;
			productType = "com.apple.product-type.application";
		};
		1D066CB11DE8FDB60082790D /* Danger-SlatherTests */ = {
			isa = PBXNativeTarget;
			buildConfigurationList = 1D066CBE1DE8FDB60082790D /* Build configuration list for PBXNativeTarget "Danger-SlatherTests" */;
			buildPhases = (
				1D066CAE1DE8FDB60082790D /* Sources */,
				1D066CAF1DE8FDB60082790D /* Frameworks */,
				1D066CB01DE8FDB60082790D /* Resources */,
			);
			buildRules = (
			);
			dependencies = (
				1D066CB41DE8FDB60082790D /* PBXTargetDependency */,
			);
			name = "Danger-SlatherTests";
			productName = "Danger-SlatherTests";
			productReference = 1D066CB21DE8FDB60082790D /* Danger-SlatherTests.xctest */;
			productType = "com.apple.product-type.bundle.unit-test";
		};
/* End PBXNativeTarget section */

/* Begin PBXProject section */
		1D066C961DE8FDB50082790D /* Project object */ = {
			isa = PBXProject;
			attributes = {
				LastSwiftUpdateCheck = 0810;
				LastUpgradeCheck = 0810;
				ORGANIZATIONNAME = "Bruno Mazzo";
				TargetAttributes = {
					1D066C9D1DE8FDB60082790D = {
						CreatedOnToolsVersion = 8.1;
						DevelopmentTeam = 2X4LBZ9HK8;
						ProvisioningStyle = Automatic;
					};
					1D066CB11DE8FDB60082790D = {
						CreatedOnToolsVersion = 8.1;
						DevelopmentTeam = 2X4LBZ9HK8;
						ProvisioningStyle = Automatic;
						TestTargetID = 1D066C9D1DE8FDB60082790D;
					};
				};
			};
			buildConfigurationList = 1D066C991DE8FDB50082790D /* Build configuration list for PBXProject "Danger-Slather" */;
			compatibilityVersion = "Xcode 3.2";
			developmentRegion = English;
			hasScannedForEncodings = 0;
			knownRegions = (
				en,
				Base,
			);
			mainGroup = 1D066C951DE8FDB50082790D;
			productRefGroup = 1D066C9F1DE8FDB60082790D /* Products */;
			projectDirPath = "";
			projectRoot = "";
			targets = (
				1D066C9D1DE8FDB60082790D /* Danger-Slather */,
				1D066CB11DE8FDB60082790D /* Danger-SlatherTests */,
			);
		};
/* End PBXProject section */

/* Begin PBXResourcesBuildPhase section */
		1D066C9C1DE8FDB60082790D /* Resources */ = {
			isa = PBXResourcesBuildPhase;
			buildActionMask = 2147483647;
			files = (
				1D066CAC1DE8FDB60082790D /* LaunchScreen.storyboard in Resources */,
				1D066CA91DE8FDB60082790D /* Assets.xcassets in Resources */,
				1D066CA71DE8FDB60082790D /* Main.storyboard in Resources */,
			);
			runOnlyForDeploymentPostprocessing = 0;
		};
		1D066CB01DE8FDB60082790D /* Resources */ = {
			isa = PBXResourcesBuildPhase;
			buildActionMask = 2147483647;
			files = (
			);
			runOnlyForDeploymentPostprocessing = 0;
		};
/* End PBXResourcesBuildPhase section */

/* Begin PBXSourcesBuildPhase section */
		1D066C9A1DE8FDB60082790D /* Sources */ = {
			isa = PBXSourcesBuildPhase;
			buildActionMask = 2147483647;
			files = (
				1D066CA41DE8FDB60082790D /* ViewController.swift in Sources */,
				1D066CA21DE8FDB60082790D /* AppDelegate.swift in Sources */,
			);
			runOnlyForDeploymentPostprocessing = 0;
		};
		1D066CAE1DE8FDB60082790D /* Sources */ = {
			isa = PBXSourcesBuildPhase;
			buildActionMask = 2147483647;
			files = (
				1D066CB71DE8FDB60082790D /* Danger_SlatherTests.swift in Sources */,
			);
			runOnlyForDeploymentPostprocessing = 0;
		};
/* End PBXSourcesBuildPhase section */

/* Begin PBXTargetDependency section */
		1D066CB41DE8FDB60082790D /* PBXTargetDependency */ = {
			isa = PBXTargetDependency;
			target = 1D066C9D1DE8FDB60082790D /* Danger-Slather */;
			targetProxy = 1D066CB31DE8FDB60082790D /* PBXContainerItemProxy */;
		};
/* End PBXTargetDependency section */

/* Begin PBXVariantGroup section */
		1D066CA51DE8FDB60082790D /* Main.storyboard */ = {
			isa = PBXVariantGroup;
			children = (
				1D066CA61DE8FDB60082790D /* Base */,
			);
			name = Main.storyboard;
			sourceTree = "<group>";
		};
		1D066CAA1DE8FDB60082790D /* LaunchScreen.storyboard */ = {
			isa = PBXVariantGroup;
			children = (
				1D066CAB1DE8FDB60082790D /* Base */,
			);
			name = LaunchScreen.storyboard;
			sourceTree = "<group>";
		};
/* End PBXVariantGroup section */

/* Begin XCBuildConfiguration section */
		1D066CB91DE8FDB60082790D /* Debug */ = {
			isa = XCBuildConfiguration;
			buildSettings = {
				ALWAYS_SEARCH_USER_PATHS = NO;
				CLANG_ANALYZER_NONNULL = YES;
				CLANG_CXX_LANGUAGE_STANDARD = "gnu++0x";
				CLANG_CXX_LIBRARY = "libc++";
				CLANG_ENABLE_MODULES = YES;
				CLANG_ENABLE_OBJC_ARC = YES;
				CLANG_WARN_BOOL_CONVERSION = YES;
				CLANG_WARN_CONSTANT_CONVERSION = YES;
				CLANG_WARN_DIRECT_OBJC_ISA_USAGE = YES_ERROR;
				CLANG_WARN_DOCUMENTATION_COMMENTS = YES;
				CLANG_WARN_EMPTY_BODY = YES;
				CLANG_WARN_ENUM_CONVERSION = YES;
				CLANG_WARN_INFINITE_RECURSION = YES;
				CLANG_WARN_INT_CONVERSION = YES;
				CLANG_WARN_OBJC_ROOT_CLASS = YES_ERROR;
				CLANG_WARN_SUSPICIOUS_MOVES = YES;
				CLANG_WARN_UNREACHABLE_CODE = YES;
				CLANG_WARN__DUPLICATE_METHOD_MATCH = YES;
				"CODE_SIGN_IDENTITY[sdk=iphoneos*]" = "iPhone Developer";
				COPY_PHASE_STRIP = NO;
				DEBUG_INFORMATION_FORMAT = dwarf;
				ENABLE_STRICT_OBJC_MSGSEND = YES;
				ENABLE_TESTABILITY = YES;
				GCC_C_LANGUAGE_STANDARD = gnu99;
				GCC_DYNAMIC_NO_PIC = NO;
				GCC_NO_COMMON_BLOCKS = YES;
				GCC_OPTIMIZATION_LEVEL = 0;
				GCC_PREPROCESSOR_DEFINITIONS = (
					"DEBUG=1",
					"$(inherited)",
				);
				GCC_WARN_64_TO_32_BIT_CONVERSION = YES;
				GCC_WARN_ABOUT_RETURN_TYPE = YES_ERROR;
				GCC_WARN_UNDECLARED_SELECTOR = YES;
				GCC_WARN_UNINITIALIZED_AUTOS = YES_AGGRESSIVE;
				GCC_WARN_UNUSED_FUNCTION = YES;
				GCC_WARN_UNUSED_VARIABLE = YES;
				IPHONEOS_DEPLOYMENT_TARGET = 10.1;
				MTL_ENABLE_DEBUG_INFO = YES;
				ONLY_ACTIVE_ARCH = YES;
				SDKROOT = iphoneos;
				SWIFT_ACTIVE_COMPILATION_CONDITIONS = DEBUG;
				SWIFT_OPTIMIZATION_LEVEL = "-Onone";
			};
			name = Debug;
		};
		1D066CBA1DE8FDB60082790D /* Release */ = {
			isa = XCBuildConfiguration;
			buildSettings = {
				ALWAYS_SEARCH_USER_PATHS = NO;
				CLANG_ANALYZER_NONNULL = YES;
				CLANG_CXX_LANGUAGE_STANDARD = "gnu++0x";
				CLANG_CXX_LIBRARY = "libc++";
				CLANG_ENABLE_MODULES = YES;
				CLANG_ENABLE_OBJC_ARC = YES;
				CLANG_WARN_BOOL_CONVERSION = YES;
				CLANG_WARN_CONSTANT_CONVERSION = YES;
				CLANG_WARN_DIRECT_OBJC_ISA_USAGE = YES_ERROR;
				CLANG_WARN_DOCUMENTATION_COMMENTS = YES;
				CLANG_WARN_EMPTY_BODY = YES;
				CLANG_WARN_ENUM_CONVERSION = YES;
				CLANG_WARN_INFINITE_RECURSION = YES;
				CLANG_WARN_INT_CONVERSION = YES;
				CLANG_WARN_OBJC_ROOT_CLASS = YES_ERROR;
				CLANG_WARN_SUSPICIOUS_MOVES = YES;
				CLANG_WARN_UNREACHABLE_CODE = YES;
				CLANG_WARN__DUPLICATE_METHOD_MATCH = YES;
				"CODE_SIGN_IDENTITY[sdk=iphoneos*]" = "iPhone Developer";
				COPY_PHASE_STRIP = NO;
				DEBUG_INFORMATION_FORMAT = "dwarf-with-dsym";
				ENABLE_NS_ASSERTIONS = NO;
				ENABLE_STRICT_OBJC_MSGSEND = YES;
				GCC_C_LANGUAGE_STANDARD = gnu99;
				GCC_NO_COMMON_BLOCKS = YES;
				GCC_WARN_64_TO_32_BIT_CONVERSION = YES;
				GCC_WARN_ABOUT_RETURN_TYPE = YES_ERROR;
				GCC_WARN_UNDECLARED_SELECTOR = YES;
				GCC_WARN_UNINITIALIZED_AUTOS = YES_AGGRESSIVE;
				GCC_WARN_UNUSED_FUNCTION = YES;
				GCC_WARN_UNUSED_VARIABLE = YES;
				IPHONEOS_DEPLOYMENT_TARGET = 10.1;
				MTL_ENABLE_DEBUG_INFO = NO;
				SDKROOT = iphoneos;
				SWIFT_OPTIMIZATION_LEVEL = "-Owholemodule";
				VALIDATE_PRODUCT = YES;
			};
			name = Release;
		};
		1D066CBC1DE8FDB60082790D /* Debug */ = {
			isa = XCBuildConfiguration;
			buildSettings = {
				ASSETCATALOG_COMPILER_APPICON_NAME = AppIcon;
				DEVELOPMENT_TEAM = 2X4LBZ9HK8;
				INFOPLIST_FILE = "Danger-Slather/Info.plist";
				LD_RUNPATH_SEARCH_PATHS = "$(inherited) @executable_path/Frameworks";
				PRODUCT_BUNDLE_IDENTIFIER = "com.br.brunomazzo.Danger-Slather";
				PRODUCT_NAME = "$(TARGET_NAME)";
				SWIFT_VERSION = 3.0;
			};
			name = Debug;
		};
		1D066CBD1DE8FDB60082790D /* Release */ = {
			isa = XCBuildConfiguration;
			buildSettings = {
				ASSETCATALOG_COMPILER_APPICON_NAME = AppIcon;
				DEVELOPMENT_TEAM = 2X4LBZ9HK8;
				INFOPLIST_FILE = "Danger-Slather/Info.plist";
				LD_RUNPATH_SEARCH_PATHS = "$(inherited) @executable_path/Frameworks";
				PRODUCT_BUNDLE_IDENTIFIER = "com.br.brunomazzo.Danger-Slather";
				PRODUCT_NAME = "$(TARGET_NAME)";
				SWIFT_VERSION = 3.0;
			};
			name = Release;
		};
		1D066CBF1DE8FDB60082790D /* Debug */ = {
			isa = XCBuildConfiguration;
			buildSettings = {
				ALWAYS_EMBED_SWIFT_STANDARD_LIBRARIES = YES;
				BUNDLE_LOADER = "$(TEST_HOST)";
				DEVELOPMENT_TEAM = 2X4LBZ9HK8;
				INFOPLIST_FILE = "Danger-SlatherTests/Info.plist";
				LD_RUNPATH_SEARCH_PATHS = "$(inherited) @executable_path/Frameworks @loader_path/Frameworks";
				PRODUCT_BUNDLE_IDENTIFIER = "com.br.brunomazzo.Danger-SlatherTests";
				PRODUCT_NAME = "$(TARGET_NAME)";
				SWIFT_VERSION = 3.0;
				TEST_HOST = "$(BUILT_PRODUCTS_DIR)/Danger-Slather.app/Danger-Slather";
			};
			name = Debug;
		};
		1D066CC01DE8FDB60082790D /* Release */ = {
			isa = XCBuildConfiguration;
			buildSettings = {
				ALWAYS_EMBED_SWIFT_STANDARD_LIBRARIES = YES;
				BUNDLE_LOADER = "$(TEST_HOST)";
				DEVELOPMENT_TEAM = 2X4LBZ9HK8;
				INFOPLIST_FILE = "Danger-SlatherTests/Info.plist";
				LD_RUNPATH_SEARCH_PATHS = "$(inherited) @executable_path/Frameworks @loader_path/Frameworks";
				PRODUCT_BUNDLE_IDENTIFIER = "com.br.brunomazzo.Danger-SlatherTests";
				PRODUCT_NAME = "$(TARGET_NAME)";
				SWIFT_VERSION = 3.0;
				TEST_HOST = "$(BUILT_PRODUCTS_DIR)/Danger-Slather.app/Danger-Slather";
			};
			name = Release;
		};
/* End XCBuildConfiguration section */

/* Begin XCConfigurationList section */
		1D066C991DE8FDB50082790D /* Build configuration list for PBXProject "Danger-Slather" */ = {
			isa = XCConfigurationList;
			buildConfigurations = (
				1D066CB91DE8FDB60082790D /* Debug */,
				1D066CBA1DE8FDB60082790D /* Release */,
			);
			defaultConfigurationIsVisible = 0;
			defaultConfigurationName = Release;
		};
		1D066CBB1DE8FDB60082790D /* Build configuration list for PBXNativeTarget "Danger-Slather" */ = {
			isa = XCConfigurationList;
			buildConfigurations = (
				1D066CBC1DE8FDB60082790D /* Debug */,
				1D066CBD1DE8FDB60082790D /* Release */,
			);
			defaultConfigurationIsVisible = 0;
		};
		1D066CBE1DE8FDB60082790D /* Build configuration list for PBXNativeTarget "Danger-SlatherTests" */ = {
			isa = XCConfigurationList;
			buildConfigurations = (
				1D066CBF1DE8FDB60082790D /* Debug */,
				1D066CC01DE8FDB60082790D /* Release */,
			);
			defaultConfigurationIsVisible = 0;
		};
/* End XCConfigurationList section */
	};
	rootObject = 1D066C961DE8FDB50082790D /* Project object */;
}
